
Microsoft Visual Studio Solution File, Format Version 11.00
# Visual Studio 2010
Project("{FAE04EC0-301F-11D3-BF4B-00C04F79EFBC}") = "electronicstore", "electronicstore.csproj", "{6CF8B8AC-B125-4D3D-93C8-22D2261A474D}"
EndProject
Project("{54435603-DBB4-11D2-8724-00A0C9A8B90C}") = "Electronic_Store", "..\Electronic_Store\Electronic_Store.vdproj", "{977CBB0B-10DD-43BD-8999-810017A458CF}"
EndProject
Global
	GlobalSection(SolutionConfigurationPlatforms) = preSolution
		Debug|x86 = Debug|x86
		Release|x86 = Release|x86
	EndGlobalSection
	GlobalSection(ProjectConfigurationPlatforms) = postSolution
		{6CF8B8AC-B125-4D3D-93C8-22D2261A474D}.Debug|x86.ActiveCfg = Debug|x86
		{6CF8B8AC-B125-4D3D-93C8-22D2261A474D}.Debug|x86.Build.0 = Debug|x86
		{6CF8B8AC-B125-4D3D-93C8-22D2261A474D}.Release|x86.ActiveCfg = Release|x86
		{6CF8B8AC-B125-4D3D-93C8-22D2261A474D}.Release|x86.Build.0 = Release|x86
		{977CBB0B-10DD-43BD-8999-810017A458CF}.Debug|x86.ActiveCfg = Debug
		{977CBB0B-10DD-43BD-8999-810017A458CF}.Release|x86.ActiveCfg = Release
	EndGlobalSection
	GlobalSection(SolutionProperties) = preSolution
		HideSolutionNode = FALSE
	EndGlobalSection
EndGlobal
